# This file was autogenerated by uv via the following command:
#    uv --no-config pip compile scripts/requirements-python-quality.in --python-version 3.14 --universal --no-build --generate-hashes --emit-build-options --no-annotate --output-file scripts/requirements-python-quality.lock
--only-binary :all:

astroid==4.0.4 \
    --hash=sha256:52f39653876c7dec3e3afd4c2696920e05c83832b9737afc21928f2d2eb7a753 \
    --hash=sha256:986fed8bcf79fb82c78b18a53352a0b287a73817d6dbcfba3162da36667c49a0
colorama==0.4.6 ; sys_platform == 'win32' \
    --hash=sha256:08695f5cb7ed6e0531a20572697297273c47b8cae5a63ffc6d6ed5c201be6e44 \
    --hash=sha256:4f1d9991f5acc0ca119f9d443620b77f9d6b33703e51011c16baf57afb285fc6
dill==0.4.1 \
    --hash=sha256:1e1ce33e978ae97fcfcff5638477032b801c46c7c65cf717f95fbc2248f79a9d \
    --hash=sha256:423092df4182177d4d8ba8290c8a5b640c66ab35ec7da59ccfa00f6fa3eea5fa
isort==9.0.1 \
    --hash=sha256:182918b730772292d33564a6ac5b201ca2bb79a8ad2ac77e7681ecc0f19a8f84 \
    --hash=sha256:1878b5165b0db434c0c62373a81a111e1afffb373f20e57bd2020ebdbaa36808 \
    --hash=sha256:1b8d6c836fb83232f5f4c1c037d332caf743bb24dca63167bad9174ae13e150e \
    --hash=sha256:2057236a764f31c78dac78f7343057621fcc2fd40461ce61061f34fd09066f46 \
    --hash=sha256:23d3b6657763f9be1b15bb9664b016abfce34849d6215a46a42af7945d4acd68 \
    --hash=sha256:2f41e40246742970db0227a2afb2d7da872bddd888826cf182c0916993fadb43 \
    --hash=sha256:2fb33e0c0f9f87821acf6d82c83f0a0c7e54680fdf3fe4131409d2b95901f00a \
    --hash=sha256:3727eb33a9759649346481cf2a9287d656a170c31ed7c105856f9c6f5b539756 \
    --hash=sha256:466b0c3f156a21c10edefba697e641666bc26ffb0122bf08b42caa3d464c20aa \
    --hash=sha256:5022b332ac91ccb39dc28bb206d5ae96ae7f8d45e710b072cb039b2fcda6602a \
    --hash=sha256:5832683294dd61c59d00cd043a68d42f6ecd7dc7d04b73ac777f7f90a534d6ae \
    --hash=sha256:5aac7263b7a7f9f647f94fb6df2761ff5b60a7168eb492ff39dd30443207fa19 \
    --hash=sha256:5e72a7063570f1d740f0284c7ae5739dc34c6a2d9f1049b13027a5bdadb56682 \
    --hash=sha256:67680927f739d4b48d67d8b7430faa92c95b02fb6075ca0351c6446214f6c7bb \
    --hash=sha256:7281cdf538f682b8d75fa44bcdad1b299036bbc440855f7d61412b3b85d5727d \
    --hash=sha256:771d5b7385292a0b2106229b792b8750954bbaf231e0475b1f53f1dd43e00936 \
    --hash=sha256:77f4b984ab3badbbf2363c849b92465e0f69e8fc54d1a932c87532a559269397 \
    --hash=sha256:7a75d4c21d8b93345a2743b96cc75c6f085aa89ddbaadd6edd5e9765be12ab77 \
    --hash=sha256:7ea5f505b152fedd2b990b39d8b76108a48b355da874025aad4982e8ceeb0f3d \
    --hash=sha256:825c05d2d63a1b9c608c352503c10b6411a3c6e12bcacc97b306774ee379786f \
    --hash=sha256:873cf1b6371d41e2a74d57d7c0176d311822f0415441abf8251ad074c9fe4a66 \
    --hash=sha256:89ebbcdbdd9d66cc14909bbac36acb9db29f37325606113c9f270242f8a1f896 \
    --hash=sha256:8f490acc182253d07071cc8255b57a281855e2e027b929a89eaa7c797f7b213e \
    --hash=sha256:930879e4cfab3264f1d7346abeec10726b5382dc4be9f4251c25ec7fa057926b \
    --hash=sha256:98d48ad47f705ac7f046cfaab0a11320ed0b903243ccb850347229414a364d28 \
    --hash=sha256:99b7bc28b1f05f7e3267629043a99c6c479a750df3689327a10324e396827f94 \
    --hash=sha256:9dd4664ad009552bc4c9f464bd31190d0f04132412ee4d9392145fdf58d92127 \
    --hash=sha256:ba23db109e3e93ef1999f7209a651214994cd807801addd16ac485982eb4edd7 \
    --hash=sha256:c08b2989a16a46e97af652266ee8af617eb5b1bfa3195cc921cc0dc66b485d10 \
    --hash=sha256:c2525606f62742fc4ed9f8ca89043b9522ac3e6f9c9892e6cb16f4870d937f38 \
    --hash=sha256:c3ce022ccedf63aa5fc77bd0e926b8561a1476c9709d7cedf63abd7967772aac \
    --hash=sha256:cc9814ce2ee42c17007d822455e4db55e32e589808ecfc2665d51c848d0bb30a \
    --hash=sha256:cdf765657edb2bcccbb1b20d26e710acbcb27379c0a407c6cb376e5619059a7b \
    --hash=sha256:e3a2697ebcb54b51af4833de44447dbf31ddf081c5f163772092d21c0267483b \
    --hash=sha256:f6877ed17054eae153d686270678b11c1f6cb79433a1c07453140cccbaf7cc1d \
    --hash=sha256:fb7d55156a1f766a2b097165524f07be61ececa41a71ca33d24a00777f79a829 \
    --hash=sha256:fd326823ddbe338357ba1823b7f96481d4421d54c83ebd43c92f1b51314a24ae
mccabe==0.7.0 \
    --hash=sha256:348e0240c33b60bbdf4e523192ef919f28cb2c3d7d5c7794f74009290f236325 \
    --hash=sha256:6c2d30ab6be0e4a46919781807b4f0d834ebdd6c6e3dca0bda5a15f863427b6e
mypy-extensions==1.1.0 \
    --hash=sha256:1be4cccdb0f2482337c4743e60421de3a356cd97508abadd57d47403e94f5505 \
    --hash=sha256:52e68efc3284861e772bbcd66823fde5ae21fd2fdb51c62a211403730b916558
platformdirs==4.11.8 \
    --hash=sha256:52f2f181bbfde907966932cc8312d967d02976422d66d537ea16092b8e291081 \
    --hash=sha256:f23abafea7dd4276d1f29104b83598d7dcc567cafd07c9c951e66665645437fc
pylint==4.0.8 \
    --hash=sha256:1c1b2128bde5ff5e966801413080b6384d42a5782718d528c906dbb6beab94ed \
    --hash=sha256:3341c08c0aabaa4adc71516de0969f3ba5c692b56c75af4dcb4d242823fbe363
ruff==0.16.6 \
    --hash=sha256:0700580ed5303723cb3c11c2f1d2a8913ce77b7ea86646dddb887f5417a9ba70 \
    --hash=sha256:0b87d9d16fcb63e8018423ca1d50b7260f15cb2da33e30db4baad4183a948c25 \
    --hash=sha256:10d21c51c3495d8eaea7b703a16592117ea6eb1d649e36335aa965ff1173eb39 \
    --hash=sha256:15f1d0b6e165a6e56567befb6629f8209271311d990bae0f37e6d065035ef5f3 \
    --hash=sha256:31b36f1e5ad85e0737f09d2be4e512e2e283583c14015da3b9dc07359ac0fc88 \
    --hash=sha256:56a67065e22efa6bc4d498299d3bb06c0c90aace8fac2068b5a12f9dc4d8d51d \
    --hash=sha256:61029b4ab4aa723fd3064fab96b1d814492596bf0c792679fffcbde1e1679953 \
    --hash=sha256:61c368c26bf8e973e5ab14a2772de587bc068ea3f9a277f673380749b4898fb8 \
    --hash=sha256:65a006baa18f33324325814c864daef03541d51564b98c517610ea756ab7003e \
    --hash=sha256:7a976c79b958f94e50a022a19f0f8c87387448020935ec14fc74331bd0a7f2c5 \
    --hash=sha256:7fbf89013f2bb3f6835a6038ff658dc8a1b38c98dc8e724b964168ad4e881876 \
    --hash=sha256:99b62ea33baf130f50368798d841f0d95527b6d817bf31817b65dd058f1d314c \
    --hash=sha256:9ac8998457832c2061709d900856b7ad271dace0cb41f346588d540162bfa718 \
    --hash=sha256:cd02a7bf1a21a8735228a3e8c95a9dc5cf86bd2a52194f4aaae2a5755b4de0f4 \
    --hash=sha256:d72c591a96986ee4268860e2b7235082129ca5e4cb9cbba653a4b57c11893757 \
    --hash=sha256:dcf8a73d2ff77e99dde91244b4da16feba7f14e6beeb4015dee7c5a909e99050 \
    --hash=sha256:e25cc89174874b176a157e4428d66761c2c0c006654419bf384f967f361ff1b1 \
    --hash=sha256:ecf4f068e2e123e43a26e9db4e19524cc56563912404e83bbfca375757e45a32
tomlkit==0.15.1 \
    --hash=sha256:177a05aece5a8ca5266fd3c448abb47b8d352f09d477d3ca8332db4d89b24304 \
    --hash=sha256:e25bbf38843005246210a12982776f27f99cb9be67160e14434d0c0d21ee1e97
